
Microsoft Visual Studio Solution File, Format Version 12.00
# Visual Studio 2013
VisualStudioVersion = 12.0.30501.0
MinimumVisualStudioVersion = 10.0.40219.1
Project("{FAE04EC0-301F-11D3-BF4B-00C04F79EFBC}") = "Clumsy", "Clumsy\Clumsy.csproj", "{3F51B48A-7296-43CC-A398-440E607CAC9E}"
EndProject
Project("{FAE04EC0-301F-11D3-BF4B-00C04F79EFBC}") = "Clumsy.Tests", "Clumsy.Tests\Clumsy.Tests.csproj", "{0B5A0633-FB94-48ED-B5E4-9936CB3CD42A}"
EndProject
Global
	GlobalSection(SolutionConfigurationPlatforms) = preSolution
		Debug|Any CPU = Debug|Any CPU
		Release|Any CPU = Release|Any CPU
	EndGlobalSection
	GlobalSection(ProjectConfigurationPlatforms) = postSolution
		{3F51B48A-7296-43CC-A398-440E607CAC9E}.Debug|Any CPU.ActiveCfg = Debug|Any CPU
		{3F51B48A-7296-43CC-A398-440E607CAC9E}.Debug|Any CPU.Build.0 = Debug|Any CPU
		{3F51B48A-7296-43CC-A398-440E607CAC9E}.Release|Any CPU.ActiveCfg = Release|Any CPU
		{3F51B48A-7296-43CC-A398-440E607CAC9E}.Release|Any CPU.Build.0 = Release|Any CPU
		{0B5A0633-FB94-48ED-B5E4-9936CB3CD42A}.Debug|Any CPU.ActiveCfg = Debug|Any CPU
		{0B5A0633-FB94-48ED-B5E4-9936CB3CD42A}.Debug|Any CPU.Build.0 = Debug|Any CPU
		{0B5A0633-FB94-48ED-B5E4-9936CB3CD42A}.Release|Any CPU.ActiveCfg = Release|Any CPU
		{0B5A0633-FB94-48ED-B5E4-9936CB3CD42A}.Release|Any CPU.Build.0 = Release|Any CPU
	EndGlobalSection
	GlobalSection(SolutionProperties) = preSolution
		HideSolutionNode = FALSE
	EndGlobalSection
EndGlobal
